
Microsoft Visual Studio Solution File, Format Version 12.00
# Visual Studio 15
Project("{FAE04EC0-301F-11D3-BF4B-00C04F79EFBC}") = "Day05OfXamarin.Android", "Day05OfXamarin.Android\Day05OfXamarin.Android.csproj", "{06EB62C8-3762-4ECD-86E9-BF4D87E8AC46}"
EndProject
Project("{FAE04EC0-301F-11D3-BF4B-00C04F79EFBC}") = "Day05OfXamarin.iOS", "Day05OfXamarin.iOS\Day05OfXamarin.iOS.csproj", "{820AD6B9-C1DC-448F-900B-AF744004AC79}"
EndProject
Project("{FAE04EC0-301F-11D3-BF4B-00C04F79EFBC}") = "Day05OfXamarin", "Day05OfXamarin\Day05OfXamarin.csproj", "{9A34DACC-2641-4C0F-816D-5AAADAA12DB2}"
EndProject
Global
	GlobalSection(SolutionConfigurationPlatforms) = preSolution
		Debug|Any CPU = Debug|Any CPU
		Release|Any CPU = Release|Any CPU
		Debug|iPhoneSimulator = Debug|iPhoneSimulator
		Release|iPhoneSimulator = Release|iPhoneSimulator
		Debug|iPhone = Debug|iPhone
		Release|iPhone = Release|iPhone
	EndGlobalSection
	GlobalSection(ProjectConfigurationPlatforms) = postSolution
		{06EB62C8-3762-4ECD-86E9-BF4D87E8AC46}.Debug|Any CPU.ActiveCfg = Debug|Any CPU
		{06EB62C8-3762-4ECD-86E9-BF4D87E8AC46}.Debug|Any CPU.Build.0 = Debug|Any CPU
		{06EB62C8-3762-4ECD-86E9-BF4D87E8AC46}.Release|Any CPU.ActiveCfg = Release|Any CPU
		{06EB62C8-3762-4ECD-86E9-BF4D87E8AC46}.Release|Any CPU.Build.0 = Release|Any CPU
		{06EB62C8-3762-4ECD-86E9-BF4D87E8AC46}.Debug|iPhoneSimulator.ActiveCfg = Debug|Any CPU
		{06EB62C8-3762-4ECD-86E9-BF4D87E8AC46}.Debug|iPhoneSimulator.Build.0 = Debug|Any CPU
		{06EB62C8-3762-4ECD-86E9-BF4D87E8AC46}.Release|iPhoneSimulator.ActiveCfg = Release|Any CPU
		{06EB62C8-3762-4ECD-86E9-BF4D87E8AC46}.Release|iPhoneSimulator.Build.0 = Release|Any CPU
		{06EB62C8-3762-4ECD-86E9-BF4D87E8AC46}.Debug|iPhone.ActiveCfg = Debug|Any CPU
		{06EB62C8-3762-4ECD-86E9-BF4D87E8AC46}.Debug|iPhone.Build.0 = Debug|Any CPU
		{06EB62C8-3762-4ECD-86E9-BF4D87E8AC46}.Release|iPhone.ActiveCfg = Release|Any CPU
		{06EB62C8-3762-4ECD-86E9-BF4D87E8AC46}.Release|iPhone.Build.0 = Release|Any CPU
		{820AD6B9-C1DC-448F-900B-AF744004AC79}.Debug|Any CPU.ActiveCfg = Debug|iPhoneSimulator
		{820AD6B9-C1DC-448F-900B-AF744004AC79}.Debug|Any CPU.Build.0 = Debug|iPhoneSimulator
		{820AD6B9-C1DC-448F-900B-AF744004AC79}.Release|Any CPU.ActiveCfg = Release|iPhoneSimulator
		{820AD6B9-C1DC-448F-900B-AF744004AC79}.Release|Any CPU.Build.0 = Release|iPhoneSimulator
		{820AD6B9-C1DC-448F-900B-AF744004AC79}.Debug|iPhoneSimulator.ActiveCfg = Debug|iPhoneSimulator
		{820AD6B9-C1DC-448F-900B-AF744004AC79}.Debug|iPhoneSimulator.Build.0 = Debug|iPhoneSimulator
		{820AD6B9-C1DC-448F-900B-AF744004AC79}.Release|iPhoneSimulator.ActiveCfg = Release|iPhoneSimulator
		{820AD6B9-C1DC-448F-900B-AF744004AC79}.Release|iPhoneSimulator.Build.0 = Release|iPhoneSimulator
		{820AD6B9-C1DC-448F-900B-AF744004AC79}.Debug|iPhone.ActiveCfg = Debug|iPhone
		{820AD6B9-C1DC-448F-900B-AF744004AC79}.Debug|iPhone.Build.0 = Debug|iPhone
		{820AD6B9-C1DC-448F-900B-AF744004AC79}.Release|iPhone.ActiveCfg = Release|iPhone
		{820AD6B9-C1DC-448F-900B-AF744004AC79}.Release|iPhone.Build.0 = Release|iPhone
		{9A34DACC-2641-4C0F-816D-5AAADAA12DB2}.Debug|Any CPU.ActiveCfg = Debug|Any CPU
		{9A34DACC-2641-4C0F-816D-5AAADAA12DB2}.Debug|Any CPU.Build.0 = Debug|Any CPU
		{9A34DACC-2641-4C0F-816D-5AAADAA12DB2}.Release|Any CPU.ActiveCfg = Release|Any CPU
		{9A34DACC-2641-4C0F-816D-5AAADAA12DB2}.Release|Any CPU.Build.0 = Release|Any CPU
		{9A34DACC-2641-4C0F-816D-5AAADAA12DB2}.Debug|iPhoneSimulator.ActiveCfg = Debug|Any CPU
		{9A34DACC-2641-4C0F-816D-5AAADAA12DB2}.Debug|iPhoneSimulator.Build.0 = Debug|Any CPU
		{9A34DACC-2641-4C0F-816D-5AAADAA12DB2}.Release|iPhoneSimulator.ActiveCfg = Release|Any CPU
		{9A34DACC-2641-4C0F-816D-5AAADAA12DB2}.Release|iPhoneSimulator.Build.0 = Release|Any CPU
		{9A34DACC-2641-4C0F-816D-5AAADAA12DB2}.Debug|iPhone.ActiveCfg = Debug|Any CPU
		{9A34DACC-2641-4C0F-816D-5AAADAA12DB2}.Debug|iPhone.Build.0 = Debug|Any CPU
		{9A34DACC-2641-4C0F-816D-5AAADAA12DB2}.Release|iPhone.ActiveCfg = Release|Any CPU
		{9A34DACC-2641-4C0F-816D-5AAADAA12DB2}.Release|iPhone.Build.0 = Release|Any CPU
	EndGlobalSection
EndGlobal
