
Microsoft Visual Studio Solution File, Format Version 12.00
# Visual Studio 15
Project("{FAE04EC0-301F-11D3-BF4B-00C04F79EFBC}") = "Day03OfXamarin.Android", "Day03OfXamarin.Android\Day03OfXamarin.Android.csproj", "{09CA7919-10B0-467D-879D-2E18FF0D1156}"
EndProject
Project("{FAE04EC0-301F-11D3-BF4B-00C04F79EFBC}") = "Day03OfXamarin.iOS", "Day03OfXamarin.iOS\Day03OfXamarin.iOS.csproj", "{1866ABD6-E24B-4602-93D1-B56D09498869}"
EndProject
Project("{FAE04EC0-301F-11D3-BF4B-00C04F79EFBC}") = "Day03OfXamarin", "Day03OfXamarin\Day03OfXamarin.csproj", "{60C857FA-0B86-4351-B73A-2BFFAE7577B4}"
EndProject
Global
	GlobalSection(SolutionConfigurationPlatforms) = preSolution
		Debug|Any CPU = Debug|Any CPU
		Release|Any CPU = Release|Any CPU
		Debug|iPhoneSimulator = Debug|iPhoneSimulator
		Release|iPhoneSimulator = Release|iPhoneSimulator
		Debug|iPhone = Debug|iPhone
		Release|iPhone = Release|iPhone
	EndGlobalSection
	GlobalSection(ProjectConfigurationPlatforms) = postSolution
		{09CA7919-10B0-467D-879D-2E18FF0D1156}.Debug|Any CPU.ActiveCfg = Debug|Any CPU
		{09CA7919-10B0-467D-879D-2E18FF0D1156}.Debug|Any CPU.Build.0 = Debug|Any CPU
		{09CA7919-10B0-467D-879D-2E18FF0D1156}.Release|Any CPU.ActiveCfg = Release|Any CPU
		{09CA7919-10B0-467D-879D-2E18FF0D1156}.Release|Any CPU.Build.0 = Release|Any CPU
		{09CA7919-10B0-467D-879D-2E18FF0D1156}.Debug|iPhoneSimulator.ActiveCfg = Debug|Any CPU
		{09CA7919-10B0-467D-879D-2E18FF0D1156}.Debug|iPhoneSimulator.Build.0 = Debug|Any CPU
		{09CA7919-10B0-467D-879D-2E18FF0D1156}.Release|iPhoneSimulator.ActiveCfg = Release|Any CPU
		{09CA7919-10B0-467D-879D-2E18FF0D1156}.Release|iPhoneSimulator.Build.0 = Release|Any CPU
		{09CA7919-10B0-467D-879D-2E18FF0D1156}.Debug|iPhone.ActiveCfg = Debug|Any CPU
		{09CA7919-10B0-467D-879D-2E18FF0D1156}.Debug|iPhone.Build.0 = Debug|Any CPU
		{09CA7919-10B0-467D-879D-2E18FF0D1156}.Release|iPhone.ActiveCfg = Release|Any CPU
		{09CA7919-10B0-467D-879D-2E18FF0D1156}.Release|iPhone.Build.0 = Release|Any CPU
		{1866ABD6-E24B-4602-93D1-B56D09498869}.Debug|Any CPU.ActiveCfg = Debug|iPhoneSimulator
		{1866ABD6-E24B-4602-93D1-B56D09498869}.Debug|Any CPU.Build.0 = Debug|iPhoneSimulator
		{1866ABD6-E24B-4602-93D1-B56D09498869}.Release|Any CPU.ActiveCfg = Release|iPhoneSimulator
		{1866ABD6-E24B-4602-93D1-B56D09498869}.Release|Any CPU.Build.0 = Release|iPhoneSimulator
		{1866ABD6-E24B-4602-93D1-B56D09498869}.Debug|iPhoneSimulator.ActiveCfg = Debug|iPhoneSimulator
		{1866ABD6-E24B-4602-93D1-B56D09498869}.Debug|iPhoneSimulator.Build.0 = Debug|iPhoneSimulator
		{1866ABD6-E24B-4602-93D1-B56D09498869}.Release|iPhoneSimulator.ActiveCfg = Release|iPhoneSimulator
		{1866ABD6-E24B-4602-93D1-B56D09498869}.Release|iPhoneSimulator.Build.0 = Release|iPhoneSimulator
		{1866ABD6-E24B-4602-93D1-B56D09498869}.Debug|iPhone.ActiveCfg = Debug|iPhone
		{1866ABD6-E24B-4602-93D1-B56D09498869}.Debug|iPhone.Build.0 = Debug|iPhone
		{1866ABD6-E24B-4602-93D1-B56D09498869}.Release|iPhone.ActiveCfg = Release|iPhone
		{1866ABD6-E24B-4602-93D1-B56D09498869}.Release|iPhone.Build.0 = Release|iPhone
		{60C857FA-0B86-4351-B73A-2BFFAE7577B4}.Debug|Any CPU.ActiveCfg = Debug|Any CPU
		{60C857FA-0B86-4351-B73A-2BFFAE7577B4}.Debug|Any CPU.Build.0 = Debug|Any CPU
		{60C857FA-0B86-4351-B73A-2BFFAE7577B4}.Release|Any CPU.ActiveCfg = Release|Any CPU
		{60C857FA-0B86-4351-B73A-2BFFAE7577B4}.Release|Any CPU.Build.0 = Release|Any CPU
		{60C857FA-0B86-4351-B73A-2BFFAE7577B4}.Debug|iPhoneSimulator.ActiveCfg = Debug|Any CPU
		{60C857FA-0B86-4351-B73A-2BFFAE7577B4}.Debug|iPhoneSimulator.Build.0 = Debug|Any CPU
		{60C857FA-0B86-4351-B73A-2BFFAE7577B4}.Release|iPhoneSimulator.ActiveCfg = Release|Any CPU
		{60C857FA-0B86-4351-B73A-2BFFAE7577B4}.Release|iPhoneSimulator.Build.0 = Release|Any CPU
		{60C857FA-0B86-4351-B73A-2BFFAE7577B4}.Debug|iPhone.ActiveCfg = Debug|Any CPU
		{60C857FA-0B86-4351-B73A-2BFFAE7577B4}.Debug|iPhone.Build.0 = Debug|Any CPU
		{60C857FA-0B86-4351-B73A-2BFFAE7577B4}.Release|iPhone.ActiveCfg = Release|Any CPU
		{60C857FA-0B86-4351-B73A-2BFFAE7577B4}.Release|iPhone.Build.0 = Release|Any CPU
	EndGlobalSection
EndGlobal
